
Microsoft Visual Studio Solution File, Format Version 12.00
# Visual Studio Version 17
VisualStudioVersion = 17.7.34009.444
MinimumVisualStudioVersion = 10.0.40219.1
Project("{9A19103F-16F7-4668-BE54-9A1E7A4F7556}") = "StarfieldLockpicker", "StarfieldLockpicker\StarfieldLockpicker.csproj", "{8B67274C-DEF0-48BD-AFBA-C0AB4D37956B}"
EndProject
Project("{2150E333-8FDC-42A3-9474-1A3956D46DE8}") = "解决方案项", "解决方案项", "{E9466E27-8DE5-41CA-BE3B-70A215F7EBE4}"
	ProjectSection(SolutionItems) = preProject
		README-cn.md = README-cn.md
		README.md = README.md
	EndProjectSection
EndProject
Global
	GlobalSection(SolutionConfigurationPlatforms) = preSolution
		Debug|Any CPU = Debug|Any CPU
		Release|Any CPU = Release|Any CPU
	EndGlobalSection
	GlobalSection(ProjectConfigurationPlatforms) = postSolution
		{8B67274C-DEF0-48BD-AFBA-C0AB4D37956B}.Debug|Any CPU.ActiveCfg = Debug|Any CPU
		{8B67274C-DEF0-48BD-AFBA-C0AB4D37956B}.Debug|Any CPU.Build.0 = Debug|Any CPU
		{8B67274C-DEF0-48BD-AFBA-C0AB4D37956B}.Release|Any CPU.ActiveCfg = Release|Any CPU
		{8B67274C-DEF0-48BD-AFBA-C0AB4D37956B}.Release|Any CPU.Build.0 = Release|Any CPU
	EndGlobalSection
	GlobalSection(SolutionProperties) = preSolution
		HideSolutionNode = FALSE
	EndGlobalSection
	GlobalSection(ExtensibilityGlobals) = postSolution
		SolutionGuid = {3D39B85D-4FE2-4F95-8E83-0E1169DA5EA9}
	EndGlobalSection
EndGlobal
